// !$*UTF8*$!
{
	archiveVersion = 1;
	classes = {
	};
	objectVersion = 51;
	objects = {

/* Begin PBXBuildFile section */
		2738AC0822BD771F00EABCC5 /* CountdownViewController.swift in Sources */ = {isa = PBXBuildFile; fileRef = 2738AC0722BD771F00EABCC5 /* CountdownViewController.swift */; };
		273AB49C22C0568A00B923A9 /* AppIcon@3x.png in Resources */ = {isa = PBXBuildFile; fileRef = 273AB49A22C0568A00B923A9 /* AppIcon@3x.png */; };
		274B105B22BB2841003208EB /* GameOverViewController.swift in Sources */ = {isa = PBXBuildFile; fileRef = 274B105A22BB2841003208EB /* GameOverViewController.swift */; };
		27730D2022BAE8F3001C42CB /* TimeIndicator.swift in Sources */ = {isa = PBXBuildFile; fileRef = 27730D1F22BAE8F3001C42CB /* TimeIndicator.swift */; };
		2788E3C822BFD20300BE905F /* InfoViewController.swift in Sources */ = {isa = PBXBuildFile; fileRef = 2788E3C722BFD20300BE905F /* InfoViewController.swift */; };
		279216BE22C14B9D00B57B8A /* Verbos.plist in Resources */ = {isa = PBXBuildFile; fileRef = 279216BB22C14B9D00B57B8A /* Verbos.plist */; };
		279216BF22C14B9D00B57B8A /* Adjetivos.plist in Resources */ = {isa = PBXBuildFile; fileRef = 279216BC22C14B9D00B57B8A /* Adjetivos.plist */; };
		279216C022C14B9D00B57B8A /* Substantivos.plist in Resources */ = {isa = PBXBuildFile; fileRef = 279216BD22C14B9D00B57B8A /* Substantivos.plist */; };
		279216C622C16DC400B57B8A /* Pods-Portuplay-acknowledgements.plist in Resources */ = {isa = PBXBuildFile; fileRef = 279216C522C16DC400B57B8A /* Pods-Portuplay-acknowledgements.plist */; };
		27C78C9522A847C40039E362 /* AppDelegate.swift in Sources */ = {isa = PBXBuildFile; fileRef = 27C78C9422A847C40039E362 /* AppDelegate.swift */; };
		27C78C9A22A847C40039E362 /* Main.storyboard in Resources */ = {isa = PBXBuildFile; fileRef = 27C78C9822A847C40039E362 /* Main.storyboard */; };
		27C78C9C22A847C50039E362 /* Assets.xcassets in Resources */ = {isa = PBXBuildFile; fileRef = 27C78C9B22A847C50039E362 /* Assets.xcassets */; };
		27C78C9F22A847C50039E362 /* LaunchScreen.storyboard in Resources */ = {isa = PBXBuildFile; fileRef = 27C78C9D22A847C50039E362 /* LaunchScreen.storyboard */; };
		27C78CA722A87E670039E362 /* Desafio.swift in Sources */ = {isa = PBXBuildFile; fileRef = 27C78CA622A87E670039E362 /* Desafio.swift */; };
		27C78CA922A87F550039E362 /* DesafiosViewController.swift in Sources */ = {isa = PBXBuildFile; fileRef = 27C78CA822A87F550039E362 /* DesafiosViewController.swift */; };
		27C78CAB22A881FA0039E362 /* DesafioCell.swift in Sources */ = {isa = PBXBuildFile; fileRef = 27C78CAA22A881FA0039E362 /* DesafioCell.swift */; };
		27E91F5722B46B390047CC59 /* GameViewController.swift in Sources */ = {isa = PBXBuildFile; fileRef = 27E91F5622B46B390047CC59 /* GameViewController.swift */; };
		27F9E2FA22B3026B005B1AE2 /* DetailsViewController.swift in Sources */ = {isa = PBXBuildFile; fileRef = 27F9E2F922B3026B005B1AE2 /* DetailsViewController.swift */; };
		27FB9C1622C1B51800A35130 /* AppIcon@2x.png in Resources */ = {isa = PBXBuildFile; fileRef = 27FB9C1522C1B51800A35130 /* AppIcon@2x.png */; };
		27FB9C1922C1B6AC00A35130 /* GoldenAppIcon@2x.png in Resources */ = {isa = PBXBuildFile; fileRef = 27FB9C1722C1B6AC00A35130 /* GoldenAppIcon@2x.png */; };
		27FB9C1A22C1B6AC00A35130 /* GoldenAppIcon@3x.png in Resources */ = {isa = PBXBuildFile; fileRef = 27FB9C1822C1B6AC00A35130 /* GoldenAppIcon@3x.png */; };
		6F2DC69BEE6A6D2C21980470 /* Pods_Portuplay.framework in Frameworks */ = {isa = PBXBuildFile; fileRef = 7F7F07EB175AD7CB9282AC14 /* Pods_Portuplay.framework */; };
/* End PBXBuildFile section */

/* Begin PBXFileReference section */
		2738AC0722BD771F00EABCC5 /* CountdownViewController.swift */ = {isa = PBXFileReference; fileEncoding = 4; lastKnownFileType = sourcecode.swift; path = CountdownViewController.swift; sourceTree = "<group>"; };
		273AB49A22C0568A00B923A9 /* AppIcon@3x.png */ = {isa = PBXFileReference; lastKnownFileType = image.png; path = "AppIcon@3x.png"; sourceTree = "<group>"; };
		274B105A22BB2841003208EB /* GameOverViewController.swift */ = {isa = PBXFileReference; lastKnownFileType = sourcecode.swift; path = GameOverViewController.swift; sourceTree = "<group>"; };
		27730D1F22BAE8F3001C42CB /* TimeIndicator.swift */ = {isa = PBXFileReference; lastKnownFileType = sourcecode.swift; path = TimeIndicator.swift; sourceTree = "<group>"; };
		2788E3C722BFD20300BE905F /* InfoViewController.swift */ = {isa = PBXFileReference; lastKnownFileType = sourcecode.swift; path = InfoViewController.swift; sourceTree = "<group>"; };
		279216BB22C14B9D00B57B8A /* Verbos.plist */ = {isa = PBXFileReference; fileEncoding = 4; lastKnownFileType = text.plist.xml; path = Verbos.plist; sourceTree = "<group>"; };
		279216BC22C14B9D00B57B8A /* Adjetivos.plist */ = {isa = PBXFileReference; fileEncoding = 4; lastKnownFileType = text.plist.xml; path = Adjetivos.plist; sourceTree = "<group>"; };
		279216BD22C14B9D00B57B8A /* Substantivos.plist */ = {isa = PBXFileReference; fileEncoding = 4; lastKnownFileType = text.plist.xml; path = Substantivos.plist; sourceTree = "<group>"; };
		279216C522C16DC400B57B8A /* Pods-Portuplay-acknowledgements.plist */ = {isa = PBXFileReference; fileEncoding = 4; lastKnownFileType = text.plist.xml; name = "Pods-Portuplay-acknowledgements.plist"; path = "Pods/Target Support Files/Pods-Portuplay/Pods-Portuplay-acknowledgements.plist"; sourceTree = SOURCE_ROOT; };
		27C78C9122A847C40039E362 /* Portuplay.app */ = {isa = PBXFileReference; explicitFileType = wrapper.application; includeInIndex = 0; path = Portuplay.app; sourceTree = BUILT_PRODUCTS_DIR; };
		27C78C9422A847C40039E362 /* AppDelegate.swift */ = {isa = PBXFileReference; lastKnownFileType = sourcecode.swift; path = AppDelegate.swift; sourceTree = "<group>"; };
		27C78C9922A847C40039E362 /* Base */ = {isa = PBXFileReference; lastKnownFileType = file.storyboard; name = Base; path = Base.lproj/Main.storyboard; sourceTree = "<group>"; };
		27C78C9B22A847C50039E362 /* Assets.xcassets */ = {isa = PBXFileReference; lastKnownFileType = folder.assetcatalog; path = Assets.xcassets; sourceTree = "<group>"; };
		27C78C9E22A847C50039E362 /* Base */ = {isa = PBXFileReference; lastKnownFileType = file.storyboard; name = Base; path = Base.lproj/LaunchScreen.storyboard; sourceTree = "<group>"; };
		27C78CA022A847C50039E362 /* Info.plist */ = {isa = PBXFileReference; lastKnownFileType = text.plist.xml; path = Info.plist; sourceTree = "<group>"; };
		27C78CA622A87E670039E362 /* Desafio.swift */ = {isa = PBXFileReference; lastKnownFileType = sourcecode.swift; path = Desafio.swift; sourceTree = "<group>"; };
		27C78CA822A87F550039E362 /* DesafiosViewController.swift */ = {isa = PBXFileReference; lastKnownFileType = sourcecode.swift; path = DesafiosViewController.swift; sourceTree = "<group>"; };
		27C78CAA22A881FA0039E362 /* DesafioCell.swift */ = {isa = PBXFileReference; lastKnownFileType = sourcecode.swift; path = DesafioCell.swift; sourceTree = "<group>"; };
		27E91F5622B46B390047CC59 /* GameViewController.swift */ = {isa = PBXFileReference; lastKnownFileType = sourcecode.swift; path = GameViewController.swift; sourceTree = "<group>"; };
		27F9E2F922B3026B005B1AE2 /* DetailsViewController.swift */ = {isa = PBXFileReference; lastKnownFileType = sourcecode.swift; path = DetailsViewController.swift; sourceTree = "<group>"; };
		27FB9C1522C1B51800A35130 /* AppIcon@2x.png */ = {isa = PBXFileReference; lastKnownFileType = image.png; path = "AppIcon@2x.png"; sourceTree = "<group>"; };
		27FB9C1722C1B6AC00A35130 /* GoldenAppIcon@2x.png */ = {isa = PBXFileReference; lastKnownFileType = image.png; path = "GoldenAppIcon@2x.png"; sourceTree = "<group>"; };
		27FB9C1822C1B6AC00A35130 /* GoldenAppIcon@3x.png */ = {isa = PBXFileReference; lastKnownFileType = image.png; path = "GoldenAppIcon@3x.png"; sourceTree = "<group>"; };
		32D415F5EAA1D831C485DD8F /* Pods-Portuplay.release.xcconfig */ = {isa = PBXFileReference; includeInIndex = 1; lastKnownFileType = text.xcconfig; name = "Pods-Portuplay.release.xcconfig"; path = "Target Support Files/Pods-Portuplay/Pods-Portuplay.release.xcconfig"; sourceTree = "<group>"; };
		7F7F07EB175AD7CB9282AC14 /* Pods_Portuplay.framework */ = {isa = PBXFileReference; explicitFileType = wrapper.framework; includeInIndex = 0; path = Pods_Portuplay.framework; sourceTree = BUILT_PRODUCTS_DIR; };
		D6EDCD3BB193EFAAC00805C4 /* Pods-Portuplay.debug.xcconfig */ = {isa = PBXFileReference; includeInIndex = 1; lastKnownFileType = text.xcconfig; name = "Pods-Portuplay.debug.xcconfig"; path = "Target Support Files/Pods-Portuplay/Pods-Portuplay.debug.xcconfig"; sourceTree = "<group>"; };
/* End PBXFileReference section */

/* Begin PBXFrameworksBuildPhase section */
		27C78C8E22A847C40039E362 /* Frameworks */ = {
			isa = PBXFrameworksBuildPhase;
			buildActionMask = 2147483647;
			files = (
				6F2DC69BEE6A6D2C21980470 /* Pods_Portuplay.framework in Frameworks */,
			);
			runOnlyForDeploymentPostprocessing = 0;
		};
/* End PBXFrameworksBuildPhase section */

/* Begin PBXGroup section */
		270E789122ACA8330002FE10 /* Data */ = {
			isa = PBXGroup;
			children = (
				279216BC22C14B9D00B57B8A /* Adjetivos.plist */,
				279216BD22C14B9D00B57B8A /* Substantivos.plist */,
				279216BB22C14B9D00B57B8A /* Verbos.plist */,
			);
			path = Data;
			sourceTree = "<group>";
		};
		2723A48F22C030CB0089691E /* Icons */ = {
			isa = PBXGroup;
			children = (
				27FB9C1522C1B51800A35130 /* AppIcon@2x.png */,
				273AB49A22C0568A00B923A9 /* AppIcon@3x.png */,
				27FB9C1722C1B6AC00A35130 /* GoldenAppIcon@2x.png */,
				27FB9C1822C1B6AC00A35130 /* GoldenAppIcon@3x.png */,
			);
			path = Icons;
			sourceTree = "<group>";
		};
		27C78C8822A847C40039E362 = {
			isa = PBXGroup;
			children = (
				27C78C9322A847C40039E362 /* Portuplay */,
				27C78C9222A847C40039E362 /* Products */,
				D3CDB756AD93F03EC1081481 /* Pods */,
				86CE5717F15194737E6DEC11 /* Frameworks */,
			);
			sourceTree = "<group>";
		};
		27C78C9222A847C40039E362 /* Products */ = {
			isa = PBXGroup;
			children = (
				27C78C9122A847C40039E362 /* Portuplay.app */,
			);
			name = Products;
			sourceTree = "<group>";
		};
		27C78C9322A847C40039E362 /* Portuplay */ = {
			isa = PBXGroup;
			children = (
				27C78C9422A847C40039E362 /* AppDelegate.swift */,
				27C78C9822A847C40039E362 /* Main.storyboard */,
				27C78CA822A87F550039E362 /* DesafiosViewController.swift */,
				27C78CA622A87E670039E362 /* Desafio.swift */,
				27C78CAA22A881FA0039E362 /* DesafioCell.swift */,
				27F9E2F922B3026B005B1AE2 /* DetailsViewController.swift */,
				2738AC0722BD771F00EABCC5 /* CountdownViewController.swift */,
				27E91F5622B46B390047CC59 /* GameViewController.swift */,
				27730D1F22BAE8F3001C42CB /* TimeIndicator.swift */,
				274B105A22BB2841003208EB /* GameOverViewController.swift */,
				2788E3C722BFD20300BE905F /* InfoViewController.swift */,
				27C78C9D22A847C50039E362 /* LaunchScreen.storyboard */,
				27C78CA022A847C50039E362 /* Info.plist */,
				27C78C9B22A847C50039E362 /* Assets.xcassets */,
				2723A48F22C030CB0089691E /* Icons */,
				270E789122ACA8330002FE10 /* Data */,
				279216C522C16DC400B57B8A /* Pods-Portuplay-acknowledgements.plist */,
			);
			path = Portuplay;
			sourceTree = "<group>";
		};
		86CE5717F15194737E6DEC11 /* Frameworks */ = {
			isa = PBXGroup;
			children = (
				7F7F07EB175AD7CB9282AC14 /* Pods_Portuplay.framework */,
			);
			name = Frameworks;
			sourceTree = "<group>";
		};
		D3CDB756AD93F03EC1081481 /* Pods */ = {
			isa = PBXGroup;
			children = (
				D6EDCD3BB193EFAAC00805C4 /* Pods-Portuplay.debug.xcconfig */,
				32D415F5EAA1D831C485DD8F /* Pods-Portuplay.release.xcconfig */,
			);
			path = Pods;
			sourceTree = "<group>";
		};
/* End PBXGroup section */

/* Begin PBXNativeTarget section */
		27C78C9022A847C40039E362 /* Portuplay */ = {
			isa = PBXNativeTarget;
			buildConfigurationList = 27C78CA322A847C50039E362 /* Build configuration list for PBXNativeTarget "Portuplay" */;
			buildPhases = (
				F83B0A016799F46B67F017F5 /* [CP] Check Pods Manifest.lock */,
				27C78C8D22A847C40039E362 /* Sources */,
				27C78C8E22A847C40039E362 /* Frameworks */,
				27C78C8F22A847C40039E362 /* Resources */,
				A48B3E23A1AC978773213612 /* [CP] Embed Pods Frameworks */,
			);
			buildRules = (
			);
			dependencies = (
			);
			name = Portuplay;
			productName = Portuplay;
			productReference = 27C78C9122A847C40039E362 /* Portuplay.app */;
			productType = "com.apple.product-type.application";
		};
/* End PBXNativeTarget section */

/* Begin PBXProject section */
		27C78C8922A847C40039E362 /* Project object */ = {
			isa = PBXProject;
			attributes = {
				LastSwiftUpdateCheck = 1020;
				LastUpgradeCheck = 1020;
				ORGANIZATIONNAME = "João Gabriel Pozzobon dos Santos";
				TargetAttributes = {
					27C78C9022A847C40039E362 = {
						CreatedOnToolsVersion = 10.2.1;
					};
				};
			};
			buildConfigurationList = 27C78C8C22A847C40039E362 /* Build configuration list for PBXProject "Portuplay" */;
			compatibilityVersion = "Xcode 9.3";
			developmentRegion = en;
			hasScannedForEncodings = 0;
			knownRegions = (
				en,
				Base,
			);
			mainGroup = 27C78C8822A847C40039E362;
			productRefGroup = 27C78C9222A847C40039E362 /* Products */;
			projectDirPath = "";
			projectRoot = "";
			targets = (
				27C78C9022A847C40039E362 /* Portuplay */,
			);
		};
/* End PBXProject section */

/* Begin PBXResourcesBuildPhase section */
		27C78C8F22A847C40039E362 /* Resources */ = {
			isa = PBXResourcesBuildPhase;
			buildActionMask = 2147483647;
			files = (
				27FB9C1622C1B51800A35130 /* AppIcon@2x.png in Resources */,
				279216C622C16DC400B57B8A /* Pods-Portuplay-acknowledgements.plist in Resources */,
				27C78C9F22A847C50039E362 /* LaunchScreen.storyboard in Resources */,
				27C78C9C22A847C50039E362 /* Assets.xcassets in Resources */,
				27FB9C1A22C1B6AC00A35130 /* GoldenAppIcon@3x.png in Resources */,
				279216C022C14B9D00B57B8A /* Substantivos.plist in Resources */,
				27C78C9A22A847C40039E362 /* Main.storyboard in Resources */,
				27FB9C1922C1B6AC00A35130 /* GoldenAppIcon@2x.png in Resources */,
				273AB49C22C0568A00B923A9 /* AppIcon@3x.png in Resources */,
				279216BF22C14B9D00B57B8A /* Adjetivos.plist in Resources */,
				279216BE22C14B9D00B57B8A /* Verbos.plist in Resources */,
			);
			runOnlyForDeploymentPostprocessing = 0;
		};
/* End PBXResourcesBuildPhase section */

/* Begin PBXShellScriptBuildPhase section */
		A48B3E23A1AC978773213612 /* [CP] Embed Pods Frameworks */ = {
			isa = PBXShellScriptBuildPhase;
			buildActionMask = 2147483647;
			files = (
			);
			inputFileListPaths = (
				"${PODS_ROOT}/Target Support Files/Pods-Portuplay/Pods-Portuplay-frameworks-${CONFIGURATION}-input-files.xcfilelist",
			);
			name = "[CP] Embed Pods Frameworks";
			outputFileListPaths = (
				"${PODS_ROOT}/Target Support Files/Pods-Portuplay/Pods-Portuplay-frameworks-${CONFIGURATION}-output-files.xcfilelist",
			);
			runOnlyForDeploymentPostprocessing = 0;
			shellPath = /bin/sh;
			shellScript = "\"${PODS_ROOT}/Target Support Files/Pods-Portuplay/Pods-Portuplay-frameworks.sh\"\n";
			showEnvVarsInLog = 0;
		};
		F83B0A016799F46B67F017F5 /* [CP] Check Pods Manifest.lock */ = {
			isa = PBXShellScriptBuildPhase;
			buildActionMask = 2147483647;
			files = (
			);
			inputFileListPaths = (
			);
			inputPaths = (
				"${PODS_PODFILE_DIR_PATH}/Podfile.lock",
				"${PODS_ROOT}/Manifest.lock",
			);
			name = "[CP] Check Pods Manifest.lock";
			outputFileListPaths = (
			);
			outputPaths = (
				"$(DERIVED_FILE_DIR)/Pods-Portuplay-checkManifestLockResult.txt",
			);
			runOnlyForDeploymentPostprocessing = 0;
			shellPath = /bin/sh;
			shellScript = "diff \"${PODS_PODFILE_DIR_PATH}/Podfile.lock\" \"${PODS_ROOT}/Manifest.lock\" > /dev/null\nif [ $? != 0 ] ; then\n    # print error to STDERR\n    echo \"error: The sandbox is not in sync with the Podfile.lock. Run 'pod install' or update your CocoaPods installation.\" >&2\n    exit 1\nfi\n# This output is used by Xcode 'outputs' to avoid re-running this script phase.\necho \"SUCCESS\" > \"${SCRIPT_OUTPUT_FILE_0}\"\n";
			showEnvVarsInLog = 0;
		};
/* End PBXShellScriptBuildPhase section */

/* Begin PBXSourcesBuildPhase section */
		27C78C8D22A847C40039E362 /* Sources */ = {
			isa = PBXSourcesBuildPhase;
			buildActionMask = 2147483647;
			files = (
				27C78CA722A87E670039E362 /* Desafio.swift in Sources */,
				27C78C9522A847C40039E362 /* AppDelegate.swift in Sources */,
				27C78CA922A87F550039E362 /* DesafiosViewController.swift in Sources */,
				27C78CAB22A881FA0039E362 /* DesafioCell.swift in Sources */,
				2788E3C822BFD20300BE905F /* InfoViewController.swift in Sources */,
				274B105B22BB2841003208EB /* GameOverViewController.swift in Sources */,
				27E91F5722B46B390047CC59 /* GameViewController.swift in Sources */,
				2738AC0822BD771F00EABCC5 /* CountdownViewController.swift in Sources */,
				27730D2022BAE8F3001C42CB /* TimeIndicator.swift in Sources */,
				27F9E2FA22B3026B005B1AE2 /* DetailsViewController.swift in Sources */,
			);
			runOnlyForDeploymentPostprocessing = 0;
		};
/* End PBXSourcesBuildPhase section */

/* Begin PBXVariantGroup section */
		27C78C9822A847C40039E362 /* Main.storyboard */ = {
			isa = PBXVariantGroup;
			children = (
				27C78C9922A847C40039E362 /* Base */,
			);
			name = Main.storyboard;
			sourceTree = "<group>";
		};
		27C78C9D22A847C50039E362 /* LaunchScreen.storyboard */ = {
			isa = PBXVariantGroup;
			children = (
				27C78C9E22A847C50039E362 /* Base */,
			);
			name = LaunchScreen.storyboard;
			sourceTree = "<group>";
		};
/* End PBXVariantGroup section */

/* Begin XCBuildConfiguration section */
		27C78CA122A847C50039E362 /* Debug */ = {
			isa = XCBuildConfiguration;
			buildSettings = {
				ALWAYS_SEARCH_USER_PATHS = NO;
				CLANG_ANALYZER_NONNULL = YES;
				CLANG_ANALYZER_NUMBER_OBJECT_CONVERSION = YES_AGGRESSIVE;
				CLANG_CXX_LANGUAGE_STANDARD = "gnu++14";
				CLANG_CXX_LIBRARY = "libc++";
				CLANG_ENABLE_MODULES = YES;
				CLANG_ENABLE_OBJC_ARC = YES;
				CLANG_ENABLE_OBJC_WEAK = YES;
				CLANG_WARN_BLOCK_CAPTURE_AUTORELEASING = YES;
				CLANG_WARN_BOOL_CONVERSION = YES;
				CLANG_WARN_COMMA = YES;
				CLANG_WARN_CONSTANT_CONVERSION = YES;
				CLANG_WARN_DEPRECATED_OBJC_IMPLEMENTATIONS = YES;
				CLANG_WARN_DIRECT_OBJC_ISA_USAGE = YES_ERROR;
				CLANG_WARN_DOCUMENTATION_COMMENTS = YES;
				CLANG_WARN_EMPTY_BODY = YES;
				CLANG_WARN_ENUM_CONVERSION = YES;
				CLANG_WARN_INFINITE_RECURSION = YES;
				CLANG_WARN_INT_CONVERSION = YES;
				CLANG_WARN_NON_LITERAL_NULL_CONVERSION = YES;
				CLANG_WARN_OBJC_IMPLICIT_RETAIN_SELF = YES;
				CLANG_WARN_OBJC_LITERAL_CONVERSION = YES;
				CLANG_WARN_OBJC_ROOT_CLASS = YES_ERROR;
				CLANG_WARN_RANGE_LOOP_ANALYSIS = YES;
				CLANG_WARN_STRICT_PROTOTYPES = YES;
				CLANG_WARN_SUSPICIOUS_MOVE = YES;
				CLANG_WARN_UNGUARDED_AVAILABILITY = YES_AGGRESSIVE;
				CLANG_WARN_UNREACHABLE_CODE = YES;
				CLANG_WARN__DUPLICATE_METHOD_MATCH = YES;
				CODE_SIGN_IDENTITY = "iPhone Developer";
				COPY_PHASE_STRIP = NO;
				DEBUG_INFORMATION_FORMAT = dwarf;
				ENABLE_STRICT_OBJC_MSGSEND = YES;
				ENABLE_TESTABILITY = YES;
				GCC_C_LANGUAGE_STANDARD = gnu11;
				GCC_DYNAMIC_NO_PIC = NO;
				GCC_NO_COMMON_BLOCKS = YES;
				GCC_OPTIMIZATION_LEVEL = 0;
				GCC_PREPROCESSOR_DEFINITIONS = (
					"DEBUG=1",
					"$(inherited)",
				);
				GCC_WARN_64_TO_32_BIT_CONVERSION = YES;
				GCC_WARN_ABOUT_RETURN_TYPE = YES_ERROR;
				GCC_WARN_UNDECLARED_SELECTOR = YES;
				GCC_WARN_UNINITIALIZED_AUTOS = YES_AGGRESSIVE;
				GCC_WARN_UNUSED_FUNCTION = YES;
				GCC_WARN_UNUSED_VARIABLE = YES;
				IPHONEOS_DEPLOYMENT_TARGET = 12.2;
				MTL_ENABLE_DEBUG_INFO = INCLUDE_SOURCE;
				MTL_FAST_MATH = YES;
				ONLY_ACTIVE_ARCH = YES;
				SDKROOT = iphoneos;
				SWIFT_ACTIVE_COMPILATION_CONDITIONS = DEBUG;
				SWIFT_OPTIMIZATION_LEVEL = "-Onone";
			};
			name = Debug;
		};
		27C78CA222A847C50039E362 /* Release */ = {
			isa = XCBuildConfiguration;
			buildSettings = {
				ALWAYS_SEARCH_USER_PATHS = NO;
				CLANG_ANALYZER_NONNULL = YES;
				CLANG_ANALYZER_NUMBER_OBJECT_CONVERSION = YES_AGGRESSIVE;
				CLANG_CXX_LANGUAGE_STANDARD = "gnu++14";
				CLANG_CXX_LIBRARY = "libc++";
				CLANG_ENABLE_MODULES = YES;
				CLANG_ENABLE_OBJC_ARC = YES;
				CLANG_ENABLE_OBJC_WEAK = YES;
				CLANG_WARN_BLOCK_CAPTURE_AUTORELEASING = YES;
				CLANG_WARN_BOOL_CONVERSION = YES;
				CLANG_WARN_COMMA = YES;
				CLANG_WARN_CONSTANT_CONVERSION = YES;
				CLANG_WARN_DEPRECATED_OBJC_IMPLEMENTATIONS = YES;
				CLANG_WARN_DIRECT_OBJC_ISA_USAGE = YES_ERROR;
				CLANG_WARN_DOCUMENTATION_COMMENTS = YES;
				CLANG_WARN_EMPTY_BODY = YES;
				CLANG_WARN_ENUM_CONVERSION = YES;
				CLANG_WARN_INFINITE_RECURSION = YES;
				CLANG_WARN_INT_CONVERSION = YES;
				CLANG_WARN_NON_LITERAL_NULL_CONVERSION = YES;
				CLANG_WARN_OBJC_IMPLICIT_RETAIN_SELF = YES;
				CLANG_WARN_OBJC_LITERAL_CONVERSION = YES;
				CLANG_WARN_OBJC_ROOT_CLASS = YES_ERROR;
				CLANG_WARN_RANGE_LOOP_ANALYSIS = YES;
				CLANG_WARN_STRICT_PROTOTYPES = YES;
				CLANG_WARN_SUSPICIOUS_MOVE = YES;
				CLANG_WARN_UNGUARDED_AVAILABILITY = YES_AGGRESSIVE;
				CLANG_WARN_UNREACHABLE_CODE = YES;
				CLANG_WARN__DUPLICATE_METHOD_MATCH = YES;
				CODE_SIGN_IDENTITY = "iPhone Developer";
				COPY_PHASE_STRIP = NO;
				DEBUG_INFORMATION_FORMAT = "dwarf-with-dsym";
				ENABLE_NS_ASSERTIONS = NO;
				ENABLE_STRICT_OBJC_MSGSEND = YES;
				GCC_C_LANGUAGE_STANDARD = gnu11;
				GCC_NO_COMMON_BLOCKS = YES;
				GCC_WARN_64_TO_32_BIT_CONVERSION = YES;
				GCC_WARN_ABOUT_RETURN_TYPE = YES_ERROR;
				GCC_WARN_UNDECLARED_SELECTOR = YES;
				GCC_WARN_UNINITIALIZED_AUTOS = YES_AGGRESSIVE;
				GCC_WARN_UNUSED_FUNCTION = YES;
				GCC_WARN_UNUSED_VARIABLE = YES;
				IPHONEOS_DEPLOYMENT_TARGET = 12.2;
				MTL_ENABLE_DEBUG_INFO = NO;
				MTL_FAST_MATH = YES;
				SDKROOT = iphoneos;
				SWIFT_COMPILATION_MODE = wholemodule;
				SWIFT_OPTIMIZATION_LEVEL = "-O";
				VALIDATE_PRODUCT = YES;
			};
			name = Release;
		};
		27C78CA422A847C50039E362 /* Debug */ = {
			isa = XCBuildConfiguration;
			baseConfigurationReference = D6EDCD3BB193EFAAC00805C4 /* Pods-Portuplay.debug.xcconfig */;
			buildSettings = {
				ASSETCATALOG_COMPILER_APPICON_NAME = AppIcon;
				CODE_SIGN_IDENTITY = "iPhone Developer";
				CODE_SIGN_STYLE = Automatic;
				DEVELOPMENT_TEAM = X9NAXV39HG;
				INFOPLIST_FILE = Portuplay/Info.plist;
				LD_RUNPATH_SEARCH_PATHS = (
					"$(inherited)",
					"@executable_path/Frameworks",
				);
				PRODUCT_BUNDLE_IDENTIFIER = com.joogps.Portuplay;
				PRODUCT_NAME = "$(TARGET_NAME)";
				PROVISIONING_PROFILE_SPECIFIER = "";
				SWIFT_VERSION = 5.0;
				TARGETED_DEVICE_FAMILY = "1,2";
			};
			name = Debug;
		};
		27C78CA522A847C50039E362 /* Release */ = {
			isa = XCBuildConfiguration;
			baseConfigurationReference = 32D415F5EAA1D831C485DD8F /* Pods-Portuplay.release.xcconfig */;
			buildSettings = {
				ASSETCATALOG_COMPILER_APPICON_NAME = AppIcon;
				CODE_SIGN_IDENTITY = "iPhone Developer";
				CODE_SIGN_STYLE = Automatic;
				DEVELOPMENT_TEAM = X9NAXV39HG;
				INFOPLIST_FILE = Portuplay/Info.plist;
				LD_RUNPATH_SEARCH_PATHS = (
					"$(inherited)",
					"@executable_path/Frameworks",
				);
				PRODUCT_BUNDLE_IDENTIFIER = com.joogps.Portuplay;
				PRODUCT_NAME = "$(TARGET_NAME)";
				PROVISIONING_PROFILE_SPECIFIER = "";
				SWIFT_VERSION = 5.0;
				TARGETED_DEVICE_FAMILY = "1,2";
			};
			name = Release;
		};
/* End XCBuildConfiguration section */

/* Begin XCConfigurationList section */
		27C78C8C22A847C40039E362 /* Build configuration list for PBXProject "Portuplay" */ = {
			isa = XCConfigurationList;
			buildConfigurations = (
				27C78CA122A847C50039E362 /* Debug */,
				27C78CA222A847C50039E362 /* Release */,
			);
			defaultConfigurationIsVisible = 0;
			defaultConfigurationName = Release;
		};
		27C78CA322A847C50039E362 /* Build configuration list for PBXNativeTarget "Portuplay" */ = {
			isa = XCConfigurationList;
			buildConfigurations = (
				27C78CA422A847C50039E362 /* Debug */,
				27C78CA522A847C50039E362 /* Release */,
			);
			defaultConfigurationIsVisible = 0;
			defaultConfigurationName = Release;
		};
/* End XCConfigurationList section */
	};
	rootObject = 27C78C8922A847C40039E362 /* Project object */;
}
